Microsoft Visual Studio Solution File, Format Version 11.00
# Visual Studio 2008

Project("{6231498F-F8FD-B9B5-8FE4-B137F6FAB806}") = "TR2 Level Viewer - Base", "Assembly-CSharp.csproj", "{66EC5DF2-4772-4F7B-22FC-4868B2006714}"
EndProject
Global
	GlobalSection(SolutionConfigurationPlatforms) = preSolution
		Debug|Any CPU = Debug|Any CPU
		Release|Any CPU = Release|Any CPU
	EndGlobalSection
	GlobalSection(ProjectConfigurationPlatforms) = postSolution
		{66EC5DF2-4772-4F7B-22FC-4868B2006714}.Debug|Any CPU.ActiveCfg = Debug|Any CPU
		{66EC5DF2-4772-4F7B-22FC-4868B2006714}.Debug|Any CPU.Build.0 = Debug|Any CPU
		{66EC5DF2-4772-4F7B-22FC-4868B2006714}.Release|Any CPU.ActiveCfg = Release|Any CPU
		{66EC5DF2-4772-4F7B-22FC-4868B2006714}.Release|Any CPU.Build.0 = Release|Any CPU
	EndGlobalSection
	GlobalSection(SolutionProperties) = preSolution
		HideSolutionNode = FALSE
	EndGlobalSection
																																			GlobalSection(MonoDevelopProperties) = preSolution
		StartupItem = Assembly-CSharp.csproj
		Policies = $0
		$0.TextStylePolicy = $1
		$1.inheritsSet = null
		$1.scope = text/x-csharp
		$0.CSharpFormattingPolicy = $2
		$2.inheritsSet = Mono
		$2.inheritsScope = text/x-csharp
		$2.scope = text/x-csharp
		$0.TextStylePolicy = $3
		$3.FileWidth = 120
		$3.TabWidth = 4
		$3.EolMarker = Unix
		$3.inheritsSet = Mono
		$3.inheritsScope = text/plain
		$3.scope = text/plain
	EndGlobalSection

EndGlobal
